
Microsoft Visual Studio Solution File, Format Version 12.00
# Visual Studio 15
VisualStudioVersion = 15.0.27428.2037
MinimumVisualStudioVersion = 10.0.40219.1
Project("{FAE04EC0-301F-11D3-BF4B-00C04F79EFBC}") = "HW12", "HW12\HW12.csproj", "{A28476E6-9649-4985-95D0-5B962E69D844}"
EndProject
Global
	GlobalSection(SolutionConfigurationPlatforms) = preSolution
		Debug|Any CPU = Debug|Any CPU
		Release|Any CPU = Release|Any CPU
	EndGlobalSection
	GlobalSection(ProjectConfigurationPlatforms) = postSolution
		{A28476E6-9649-4985-95D0-5B962E69D844}.Debug|Any CPU.ActiveCfg = Debug|Any CPU
		{A28476E6-9649-4985-95D0-5B962E69D844}.Debug|Any CPU.Build.0 = Debug|Any CPU
		{A28476E6-9649-4985-95D0-5B962E69D844}.Release|Any CPU.ActiveCfg = Release|Any CPU
		{A28476E6-9649-4985-95D0-5B962E69D844}.Release|Any CPU.Build.0 = Release|Any CPU
	EndGlobalSection
	GlobalSection(SolutionProperties) = preSolution
		HideSolutionNode = FALSE
	EndGlobalSection
	GlobalSection(ExtensibilityGlobals) = postSolution
		SolutionGuid = {7E3A6219-B3D8-46A9-BD72-DFF1E5C30467}
	EndGlobalSection
EndGlobal
