
Microsoft Visual Studio Solution File, Format Version 12.00
# Visual Studio 15
VisualStudioVersion = 15.0.27428.2027
MinimumVisualStudioVersion = 10.0.40219.1
Project("{FAE04EC0-301F-11D3-BF4B-00C04F79EFBC}") = "Editor", "Editor\Editor.csproj", "{D699DF1C-D428-4C0F-88A8-92D438FA7F17}"
EndProject
Global
	GlobalSection(SolutionConfigurationPlatforms) = preSolution
		Debug|Any CPU = Debug|Any CPU
		Release|Any CPU = Release|Any CPU
	EndGlobalSection
	GlobalSection(ProjectConfigurationPlatforms) = postSolution
		{D699DF1C-D428-4C0F-88A8-92D438FA7F17}.Debug|Any CPU.ActiveCfg = Debug|Any CPU
		{D699DF1C-D428-4C0F-88A8-92D438FA7F17}.Debug|Any CPU.Build.0 = Debug|Any CPU
		{D699DF1C-D428-4C0F-88A8-92D438FA7F17}.Release|Any CPU.ActiveCfg = Release|Any CPU
		{D699DF1C-D428-4C0F-88A8-92D438FA7F17}.Release|Any CPU.Build.0 = Release|Any CPU
	EndGlobalSection
	GlobalSection(SolutionProperties) = preSolution
		HideSolutionNode = FALSE
	EndGlobalSection
	GlobalSection(ExtensibilityGlobals) = postSolution
		SolutionGuid = {C76796CB-FBD0-4867-A25F-3E5FD91FB395}
	EndGlobalSection
EndGlobal
